
Microsoft Visual Studio Solution File, Format Version 12.00
# Visual Studio Version 17
VisualStudioVersion = 17.10.35027.167
MinimumVisualStudioVersion = 10.0.40219.1
Project("{9A19103F-16F7-4668-BE54-9A1E7A4F7556}") = "SWAD-L4.UI", "SWAD-L4.UI\SWAD-L4.UI.csproj", "{D0A1BF00-AD9D-4698-AE83-FD7756A8F031}"
EndProject
Global
	GlobalSection(SolutionConfigurationPlatforms) = preSolution
		Debug|Any CPU = Debug|Any CPU
		Release|Any CPU = Release|Any CPU
	EndGlobalSection
	GlobalSection(ProjectConfigurationPlatforms) = postSolution
		{D0A1BF00-AD9D-4698-AE83-FD7756A8F031}.Debug|Any CPU.ActiveCfg = Debug|Any CPU
		{D0A1BF00-AD9D-4698-AE83-FD7756A8F031}.Debug|Any CPU.Build.0 = Debug|Any CPU
		{D0A1BF00-AD9D-4698-AE83-FD7756A8F031}.Release|Any CPU.ActiveCfg = Release|Any CPU
		{D0A1BF00-AD9D-4698-AE83-FD7756A8F031}.Release|Any CPU.Build.0 = Release|Any CPU
	EndGlobalSection
	GlobalSection(SolutionProperties) = preSolution
		HideSolutionNode = FALSE
	EndGlobalSection
	GlobalSection(ExtensibilityGlobals) = postSolution
		SolutionGuid = {A624E77F-C753-40A8-A6FC-E61516346CF3}
	EndGlobalSection
EndGlobal
